
Microsoft Visual Studio Solution File, Format Version 12.00
# Visual Studio Version 17
VisualStudioVersion = 17.9.34622.214
MinimumVisualStudioVersion = 10.0.40219.1
Project("{2150E333-8FDC-42A3-9474-1A3956D46DE8}") = "Services", "Services", "{FFA23606-E176-4689-B420-73196BBFB0AA}"
EndProject
Project("{9A19103F-16F7-4668-BE54-9A1E7A4F7556}") = "UserService", "UserServices\UserService.csproj", "{8779B2B1-27A8-4FFF-9360-4EAB0AAEEBFF}"
EndProject
Project("{9A19103F-16F7-4668-BE54-9A1E7A4F7556}") = "AccountService", "AccountService\AccountService.csproj", "{4F0B4200-700F-4F91-BE2C-30E94F487EE4}"
EndProject
Project("{9A19103F-16F7-4668-BE54-9A1E7A4F7556}") = "TransactionService", "TransactionService\TransactionService.csproj", "{9B1CC284-1B98-4C8D-9740-7BBFB095F71E}"
EndProject
Project("{2150E333-8FDC-42A3-9474-1A3956D46DE8}") = "ApiGateway", "ApiGateway", "{832C97E6-62EB-4166-9B83-285C12E8083C}"
EndProject
Project("{2150E333-8FDC-42A3-9474-1A3956D46DE8}") = "Shared", "Shared", "{F33CDDB3-947F-4F00-8D9A-1884DAEA592F}"
EndProject
Project("{2150E333-8FDC-42A3-9474-1A3956D46DE8}") = "Solution Items", "Solution Items", "{C1601749-2C16-45E1-8234-24D4C63DC6BC}"
	ProjectSection(SolutionItems) = preProject
		README.md = README.md
	EndProjectSection
EndProject
Project("{9A19103F-16F7-4668-BE54-9A1E7A4F7556}") = "AuthService", "AuthService\AuthService.csproj", "{B7B5EC0B-AA71-4C2E-B740-EDB6B555B64A}"
EndProject
Project("{FAE04EC0-301F-11D3-BF4B-00C04F79EFBC}") = "ApiGateway", "ApiGateway\ApiGateway.csproj", "{4A8CCD95-D998-4B73-A231-67C6EDF21D52}"
EndProject
Global
	GlobalSection(SolutionConfigurationPlatforms) = preSolution
		Debug|Any CPU = Debug|Any CPU
		Release|Any CPU = Release|Any CPU
	EndGlobalSection
	GlobalSection(ProjectConfigurationPlatforms) = postSolution
		{8779B2B1-27A8-4FFF-9360-4EAB0AAEEBFF}.Debug|Any CPU.ActiveCfg = Debug|Any CPU
		{8779B2B1-27A8-4FFF-9360-4EAB0AAEEBFF}.Debug|Any CPU.Build.0 = Debug|Any CPU
		{8779B2B1-27A8-4FFF-9360-4EAB0AAEEBFF}.Release|Any CPU.ActiveCfg = Release|Any CPU
		{8779B2B1-27A8-4FFF-9360-4EAB0AAEEBFF}.Release|Any CPU.Build.0 = Release|Any CPU
		{4F0B4200-700F-4F91-BE2C-30E94F487EE4}.Debug|Any CPU.ActiveCfg = Debug|Any CPU
		{4F0B4200-700F-4F91-BE2C-30E94F487EE4}.Debug|Any CPU.Build.0 = Debug|Any CPU
		{4F0B4200-700F-4F91-BE2C-30E94F487EE4}.Release|Any CPU.ActiveCfg = Release|Any CPU
		{4F0B4200-700F-4F91-BE2C-30E94F487EE4}.Release|Any CPU.Build.0 = Release|Any CPU
		{9B1CC284-1B98-4C8D-9740-7BBFB095F71E}.Debug|Any CPU.ActiveCfg = Debug|Any CPU
		{9B1CC284-1B98-4C8D-9740-7BBFB095F71E}.Debug|Any CPU.Build.0 = Debug|Any CPU
		{9B1CC284-1B98-4C8D-9740-7BBFB095F71E}.Release|Any CPU.ActiveCfg = Release|Any CPU
		{9B1CC284-1B98-4C8D-9740-7BBFB095F71E}.Release|Any CPU.Build.0 = Release|Any CPU
		{B7B5EC0B-AA71-4C2E-B740-EDB6B555B64A}.Debug|Any CPU.ActiveCfg = Debug|Any CPU
		{B7B5EC0B-AA71-4C2E-B740-EDB6B555B64A}.Debug|Any CPU.Build.0 = Debug|Any CPU
		{B7B5EC0B-AA71-4C2E-B740-EDB6B555B64A}.Release|Any CPU.ActiveCfg = Release|Any CPU
		{B7B5EC0B-AA71-4C2E-B740-EDB6B555B64A}.Release|Any CPU.Build.0 = Release|Any CPU
		{4A8CCD95-D998-4B73-A231-67C6EDF21D52}.Debug|Any CPU.ActiveCfg = Debug|Any CPU
		{4A8CCD95-D998-4B73-A231-67C6EDF21D52}.Debug|Any CPU.Build.0 = Debug|Any CPU
		{4A8CCD95-D998-4B73-A231-67C6EDF21D52}.Release|Any CPU.ActiveCfg = Release|Any CPU
		{4A8CCD95-D998-4B73-A231-67C6EDF21D52}.Release|Any CPU.Build.0 = Release|Any CPU
	EndGlobalSection
	GlobalSection(SolutionProperties) = preSolution
		HideSolutionNode = FALSE
	EndGlobalSection
	GlobalSection(NestedProjects) = preSolution
		{8779B2B1-27A8-4FFF-9360-4EAB0AAEEBFF} = {FFA23606-E176-4689-B420-73196BBFB0AA}
		{4F0B4200-700F-4F91-BE2C-30E94F487EE4} = {FFA23606-E176-4689-B420-73196BBFB0AA}
		{9B1CC284-1B98-4C8D-9740-7BBFB095F71E} = {FFA23606-E176-4689-B420-73196BBFB0AA}
		{B7B5EC0B-AA71-4C2E-B740-EDB6B555B64A} = {FFA23606-E176-4689-B420-73196BBFB0AA}
		{4A8CCD95-D998-4B73-A231-67C6EDF21D52} = {832C97E6-62EB-4166-9B83-285C12E8083C}
	EndGlobalSection
	GlobalSection(ExtensibilityGlobals) = postSolution
		SolutionGuid = {20231FA1-9030-4C51-89DA-4F38440557FF}
	EndGlobalSection
EndGlobal
