
Microsoft Visual Studio Solution File, Format Version 12.00
# Visual Studio Version 17
VisualStudioVersion = 17.9.34622.214
MinimumVisualStudioVersion = 10.0.40219.1
Project("{2150E333-8FDC-42A3-9474-1A3956D46DE8}") = "src", "src", "{E196664B-A3BA-48B5-AA1B-8BB7E360047C}"
EndProject
Project("{2150E333-8FDC-42A3-9474-1A3956D46DE8}") = "Api", "Api", "{65284A7A-F38B-434C-8177-E9F2F1B8E6FE}"
EndProject
Project("{9A19103F-16F7-4668-BE54-9A1E7A4F7556}") = "FinNovaTech.Auth.Api", "src\Presentation\FinNovaTech.Auth.Api\FinNovaTech.Auth.Api.csproj", "{11478964-68CA-41D1-A58C-31235F34DAF5}"
EndProject
Project("{2150E333-8FDC-42A3-9474-1A3956D46DE8}") = "Application", "Application", "{3F87079F-1DB8-4116-BBAF-72F177263154}"
EndProject
Project("{2150E333-8FDC-42A3-9474-1A3956D46DE8}") = "Domain", "Domain", "{9933F874-8593-4E89-B6CE-F3DB0DC05E44}"
EndProject
Project("{2150E333-8FDC-42A3-9474-1A3956D46DE8}") = "Infrastructure", "Infrastructure", "{35159085-5B5A-4BC0-9D48-1CBF35153295}"
EndProject
Project("{2150E333-8FDC-42A3-9474-1A3956D46DE8}") = "Common", "Common", "{B5ABFDF5-0922-49D4-90BE-A8BAA8FD219E}"
EndProject
Project("{9A19103F-16F7-4668-BE54-9A1E7A4F7556}") = "FinNovaTech.Auth.Application", "src\Application\FinNovaTech.Auth.Application\FinNovaTech.Auth.Application.csproj", "{05DB11FD-62DF-49D2-A3CD-B8683ACF1ACC}"
EndProject
Project("{9A19103F-16F7-4668-BE54-9A1E7A4F7556}") = "FinNovaTech.Auth.Domain", "src\Domain\FinNovaTech.Auth.Domain\FinNovaTech.Auth.Domain.csproj", "{3F585F28-1E2E-4853-85F3-1DF7E80FAA88}"
EndProject
Project("{9A19103F-16F7-4668-BE54-9A1E7A4F7556}") = "FinNovaTech.Auth.Infrastructure", "src\Infrastructure\FinNovaTech.Auth.Infrastructure\FinNovaTech.Auth.Infrastructure.csproj", "{5B1CA77A-D60F-478A-8D17-B15EF0D0E935}"
EndProject
Project("{9A19103F-16F7-4668-BE54-9A1E7A4F7556}") = "FinNovaTech.User.Application", "src\Application\FinNovaTech.User.Application\FinNovaTech.User.Application.csproj", "{85550DFC-4BC9-413B-900C-E7F898DD4581}"
EndProject
Project("{9A19103F-16F7-4668-BE54-9A1E7A4F7556}") = "FinNovaTech.Transaction.Application", "src\Application\FinNovaTech.Transaction.Application\FinNovaTech.Transaction.Application.csproj", "{4BC1FAE6-FE60-4B24-B52F-B7A94B4D03E4}"
EndProject
Project("{9A19103F-16F7-4668-BE54-9A1E7A4F7556}") = "FinNovaTech.Account.Application", "src\Application\FinNovaTech.Account.Application\FinNovaTech.Account.Application.csproj", "{5F31B2B1-4590-43F9-A219-66C4E0FE5DCA}"
EndProject
Project("{9A19103F-16F7-4668-BE54-9A1E7A4F7556}") = "FinNovaTech.Account.Domain", "src\Domain\FinNovaTech.Account.Domain\FinNovaTech.Account.Domain.csproj", "{768B41AE-B421-41AE-8BE7-CAD3AB53EE7B}"
EndProject
Project("{9A19103F-16F7-4668-BE54-9A1E7A4F7556}") = "FinNovaTech.Transaction.Domain", "src\Domain\FinNovaTech.Transaction.Domain\FinNovaTech.Transaction.Domain.csproj", "{A57C63BC-8BEA-49A6-8FE9-9798FDC037F6}"
EndProject
Project("{9A19103F-16F7-4668-BE54-9A1E7A4F7556}") = "FinNovaTech.User.Domain", "src\Domain\FinNovaTech.User.Domain\FinNovaTech.User.Domain.csproj", "{436F243E-C117-4C82-9D63-57EADD91AD39}"
EndProject
Project("{9A19103F-16F7-4668-BE54-9A1E7A4F7556}") = "FinNovaTech.Account.Infrastructure", "src\Infrastructure\FinNovaTech.Account.Infrastructure\FinNovaTech.Account.Infrastructure.csproj", "{60DAC463-6A51-46F3-B599-2D05DFE24B63}"
EndProject
Project("{9A19103F-16F7-4668-BE54-9A1E7A4F7556}") = "FinNovaTech.Transaction.Infrastructure", "src\Infrastructure\FinNovaTech.Transaction.Infrastructure\FinNovaTech.Transaction.Infrastructure.csproj", "{F066E6D3-6F93-4840-A734-C64B3809E2BE}"
EndProject
Project("{9A19103F-16F7-4668-BE54-9A1E7A4F7556}") = "FinNovaTech.User.Infrastructure", "src\Infrastructure\FinNovaTech.User.Infrastructure\FinNovaTech.User.Infrastructure.csproj", "{200A2B6F-0EE1-4B33-A592-9C6BC09EB9A6}"
EndProject
Project("{9A19103F-16F7-4668-BE54-9A1E7A4F7556}") = "FinNovaTech.User.Api", "src\Presentation\FinNovaTech.User.Api\FinNovaTech.User.Api.csproj", "{5AFEDA6D-600B-4100-A2D5-AA4DC4B4B1F6}"
EndProject
Project("{9A19103F-16F7-4668-BE54-9A1E7A4F7556}") = "FinNovaTech.Transaction.Api", "src\Presentation\FinNovaTech.Transaction.Api\FinNovaTech.Transaction.Api.csproj", "{1B6C1649-388C-4B19-AAB6-94D31C3CF774}"
EndProject
Project("{9A19103F-16F7-4668-BE54-9A1E7A4F7556}") = "FinNovaTech.Account.Api", "src\Presentation\FinNovaTech.Account.Api\FinNovaTech.Account.Api.csproj", "{8C89A50A-B08D-49BF-AA9E-2E0D160FE070}"
EndProject
Project("{2150E333-8FDC-42A3-9474-1A3956D46DE8}") = "Test", "Test", "{FBCBDC5A-8D5C-4B53-B45B-81222A8690FF}"
EndProject
Project("{9A19103F-16F7-4668-BE54-9A1E7A4F7556}") = "FinNovaTech.Auth.Test", "src\Test\FinNovaTech.Auth.Test\FinNovaTech.Auth.Test.csproj", "{8EA3466B-2D8A-4F47-BC24-5C28FF41907C}"
EndProject
Project("{9A19103F-16F7-4668-BE54-9A1E7A4F7556}") = "FinNovaTech.User.Test", "src\Test\FinNovaTech.User.Test\FinNovaTech.User.Test.csproj", "{AA590D6F-C3B0-465D-9A04-DE256C473C7D}"
EndProject
Project("{9A19103F-16F7-4668-BE54-9A1E7A4F7556}") = "FinNovaTech.Transaction.Test", "src\Test\FinNovaTech.Transaction.Test\FinNovaTech.Transaction.Test.csproj", "{39676F33-BFDB-4503-BB77-2E8168743DA8}"
EndProject
Project("{9A19103F-16F7-4668-BE54-9A1E7A4F7556}") = "FinNovaTech.Account.Test", "src\Test\FinNovaTech.Account.Test\FinNovaTech.Account.Test.csproj", "{2600FFF8-E0CC-45A0-9DF9-BA28B70AC373}"
EndProject
Project("{9A19103F-16F7-4668-BE54-9A1E7A4F7556}") = "FinNovaTech.Common", "src\Common\FinNovaTech.Common\FinNovaTech.Common.csproj", "{E64DDDAF-80DE-4539-A9A8-7D7A32936438}"
EndProject
Project("{9A19103F-16F7-4668-BE54-9A1E7A4F7556}") = "FinNovaTech.Gateway", "src\Gateway\FinNovaTech.Gateway\FinNovaTech.Gateway.csproj", "{5AC7D638-92BF-4A8B-BFA5-7547137D37EA}"
EndProject
Project("{2150E333-8FDC-42A3-9474-1A3956D46DE8}") = "Gateway", "Gateway", "{91036E4C-DA1B-466A-B726-4DEAD79F5210}"
EndProject
Project("{FAE04EC0-301F-11D3-BF4B-00C04F79EFBC}") = "FinNovaTech.Common.Test", "src\Test\FinNovaTech.Common.Test\FinNovaTech.Common.Test.csproj", "{ADFC9DCA-0616-4B36-8654-68B3480276B3}"
EndProject
Global
	GlobalSection(SolutionConfigurationPlatforms) = preSolution
		Debug|Any CPU = Debug|Any CPU
		Release|Any CPU = Release|Any CPU
	EndGlobalSection
	GlobalSection(ProjectConfigurationPlatforms) = postSolution
		{11478964-68CA-41D1-A58C-31235F34DAF5}.Debug|Any CPU.ActiveCfg = Debug|Any CPU
		{11478964-68CA-41D1-A58C-31235F34DAF5}.Debug|Any CPU.Build.0 = Debug|Any CPU
		{11478964-68CA-41D1-A58C-31235F34DAF5}.Release|Any CPU.ActiveCfg = Release|Any CPU
		{11478964-68CA-41D1-A58C-31235F34DAF5}.Release|Any CPU.Build.0 = Release|Any CPU
		{05DB11FD-62DF-49D2-A3CD-B8683ACF1ACC}.Debug|Any CPU.ActiveCfg = Debug|Any CPU
		{05DB11FD-62DF-49D2-A3CD-B8683ACF1ACC}.Debug|Any CPU.Build.0 = Debug|Any CPU
		{05DB11FD-62DF-49D2-A3CD-B8683ACF1ACC}.Release|Any CPU.ActiveCfg = Release|Any CPU
		{05DB11FD-62DF-49D2-A3CD-B8683ACF1ACC}.Release|Any CPU.Build.0 = Release|Any CPU
		{3F585F28-1E2E-4853-85F3-1DF7E80FAA88}.Debug|Any CPU.ActiveCfg = Debug|Any CPU
		{3F585F28-1E2E-4853-85F3-1DF7E80FAA88}.Debug|Any CPU.Build.0 = Debug|Any CPU
		{3F585F28-1E2E-4853-85F3-1DF7E80FAA88}.Release|Any CPU.ActiveCfg = Release|Any CPU
		{3F585F28-1E2E-4853-85F3-1DF7E80FAA88}.Release|Any CPU.Build.0 = Release|Any CPU
		{5B1CA77A-D60F-478A-8D17-B15EF0D0E935}.Debug|Any CPU.ActiveCfg = Debug|Any CPU
		{5B1CA77A-D60F-478A-8D17-B15EF0D0E935}.Debug|Any CPU.Build.0 = Debug|Any CPU
		{5B1CA77A-D60F-478A-8D17-B15EF0D0E935}.Release|Any CPU.ActiveCfg = Release|Any CPU
		{5B1CA77A-D60F-478A-8D17-B15EF0D0E935}.Release|Any CPU.Build.0 = Release|Any CPU
		{85550DFC-4BC9-413B-900C-E7F898DD4581}.Debug|Any CPU.ActiveCfg = Debug|Any CPU
		{85550DFC-4BC9-413B-900C-E7F898DD4581}.Debug|Any CPU.Build.0 = Debug|Any CPU
		{85550DFC-4BC9-413B-900C-E7F898DD4581}.Release|Any CPU.ActiveCfg = Release|Any CPU
		{85550DFC-4BC9-413B-900C-E7F898DD4581}.Release|Any CPU.Build.0 = Release|Any CPU
		{4BC1FAE6-FE60-4B24-B52F-B7A94B4D03E4}.Debug|Any CPU.ActiveCfg = Debug|Any CPU
		{4BC1FAE6-FE60-4B24-B52F-B7A94B4D03E4}.Debug|Any CPU.Build.0 = Debug|Any CPU
		{4BC1FAE6-FE60-4B24-B52F-B7A94B4D03E4}.Release|Any CPU.ActiveCfg = Release|Any CPU
		{4BC1FAE6-FE60-4B24-B52F-B7A94B4D03E4}.Release|Any CPU.Build.0 = Release|Any CPU
		{5F31B2B1-4590-43F9-A219-66C4E0FE5DCA}.Debug|Any CPU.ActiveCfg = Debug|Any CPU
		{5F31B2B1-4590-43F9-A219-66C4E0FE5DCA}.Debug|Any CPU.Build.0 = Debug|Any CPU
		{5F31B2B1-4590-43F9-A219-66C4E0FE5DCA}.Release|Any CPU.ActiveCfg = Release|Any CPU
		{5F31B2B1-4590-43F9-A219-66C4E0FE5DCA}.Release|Any CPU.Build.0 = Release|Any CPU
		{768B41AE-B421-41AE-8BE7-CAD3AB53EE7B}.Debug|Any CPU.ActiveCfg = Debug|Any CPU
		{768B41AE-B421-41AE-8BE7-CAD3AB53EE7B}.Debug|Any CPU.Build.0 = Debug|Any CPU
		{768B41AE-B421-41AE-8BE7-CAD3AB53EE7B}.Release|Any CPU.ActiveCfg = Release|Any CPU
		{768B41AE-B421-41AE-8BE7-CAD3AB53EE7B}.Release|Any CPU.Build.0 = Release|Any CPU
		{A57C63BC-8BEA-49A6-8FE9-9798FDC037F6}.Debug|Any CPU.ActiveCfg = Debug|Any CPU
		{A57C63BC-8BEA-49A6-8FE9-9798FDC037F6}.Debug|Any CPU.Build.0 = Debug|Any CPU
		{A57C63BC-8BEA-49A6-8FE9-9798FDC037F6}.Release|Any CPU.ActiveCfg = Release|Any CPU
		{A57C63BC-8BEA-49A6-8FE9-9798FDC037F6}.Release|Any CPU.Build.0 = Release|Any CPU
		{436F243E-C117-4C82-9D63-57EADD91AD39}.Debug|Any CPU.ActiveCfg = Debug|Any CPU
		{436F243E-C117-4C82-9D63-57EADD91AD39}.Debug|Any CPU.Build.0 = Debug|Any CPU
		{436F243E-C117-4C82-9D63-57EADD91AD39}.Release|Any CPU.ActiveCfg = Release|Any CPU
		{436F243E-C117-4C82-9D63-57EADD91AD39}.Release|Any CPU.Build.0 = Release|Any CPU
		{60DAC463-6A51-46F3-B599-2D05DFE24B63}.Debug|Any CPU.ActiveCfg = Debug|Any CPU
		{60DAC463-6A51-46F3-B599-2D05DFE24B63}.Debug|Any CPU.Build.0 = Debug|Any CPU
		{60DAC463-6A51-46F3-B599-2D05DFE24B63}.Release|Any CPU.ActiveCfg = Release|Any CPU
		{60DAC463-6A51-46F3-B599-2D05DFE24B63}.Release|Any CPU.Build.0 = Release|Any CPU
		{F066E6D3-6F93-4840-A734-C64B3809E2BE}.Debug|Any CPU.ActiveCfg = Debug|Any CPU
		{F066E6D3-6F93-4840-A734-C64B3809E2BE}.Debug|Any CPU.Build.0 = Debug|Any CPU
		{F066E6D3-6F93-4840-A734-C64B3809E2BE}.Release|Any CPU.ActiveCfg = Release|Any CPU
		{F066E6D3-6F93-4840-A734-C64B3809E2BE}.Release|Any CPU.Build.0 = Release|Any CPU
		{200A2B6F-0EE1-4B33-A592-9C6BC09EB9A6}.Debug|Any CPU.ActiveCfg = Debug|Any CPU
		{200A2B6F-0EE1-4B33-A592-9C6BC09EB9A6}.Debug|Any CPU.Build.0 = Debug|Any CPU
		{200A2B6F-0EE1-4B33-A592-9C6BC09EB9A6}.Release|Any CPU.ActiveCfg = Release|Any CPU
		{200A2B6F-0EE1-4B33-A592-9C6BC09EB9A6}.Release|Any CPU.Build.0 = Release|Any CPU
		{5AFEDA6D-600B-4100-A2D5-AA4DC4B4B1F6}.Debug|Any CPU.ActiveCfg = Debug|Any CPU
		{5AFEDA6D-600B-4100-A2D5-AA4DC4B4B1F6}.Debug|Any CPU.Build.0 = Debug|Any CPU
		{5AFEDA6D-600B-4100-A2D5-AA4DC4B4B1F6}.Release|Any CPU.ActiveCfg = Release|Any CPU
		{5AFEDA6D-600B-4100-A2D5-AA4DC4B4B1F6}.Release|Any CPU.Build.0 = Release|Any CPU
		{1B6C1649-388C-4B19-AAB6-94D31C3CF774}.Debug|Any CPU.ActiveCfg = Debug|Any CPU
		{1B6C1649-388C-4B19-AAB6-94D31C3CF774}.Debug|Any CPU.Build.0 = Debug|Any CPU
		{1B6C1649-388C-4B19-AAB6-94D31C3CF774}.Release|Any CPU.ActiveCfg = Release|Any CPU
		{1B6C1649-388C-4B19-AAB6-94D31C3CF774}.Release|Any CPU.Build.0 = Release|Any CPU
		{8C89A50A-B08D-49BF-AA9E-2E0D160FE070}.Debug|Any CPU.ActiveCfg = Debug|Any CPU
		{8C89A50A-B08D-49BF-AA9E-2E0D160FE070}.Debug|Any CPU.Build.0 = Debug|Any CPU
		{8C89A50A-B08D-49BF-AA9E-2E0D160FE070}.Release|Any CPU.ActiveCfg = Release|Any CPU
		{8C89A50A-B08D-49BF-AA9E-2E0D160FE070}.Release|Any CPU.Build.0 = Release|Any CPU
		{8EA3466B-2D8A-4F47-BC24-5C28FF41907C}.Debug|Any CPU.ActiveCfg = Debug|Any CPU
		{8EA3466B-2D8A-4F47-BC24-5C28FF41907C}.Debug|Any CPU.Build.0 = Debug|Any CPU
		{8EA3466B-2D8A-4F47-BC24-5C28FF41907C}.Release|Any CPU.ActiveCfg = Release|Any CPU
		{8EA3466B-2D8A-4F47-BC24-5C28FF41907C}.Release|Any CPU.Build.0 = Release|Any CPU
		{AA590D6F-C3B0-465D-9A04-DE256C473C7D}.Debug|Any CPU.ActiveCfg = Debug|Any CPU
		{AA590D6F-C3B0-465D-9A04-DE256C473C7D}.Debug|Any CPU.Build.0 = Debug|Any CPU
		{AA590D6F-C3B0-465D-9A04-DE256C473C7D}.Release|Any CPU.ActiveCfg = Release|Any CPU
		{AA590D6F-C3B0-465D-9A04-DE256C473C7D}.Release|Any CPU.Build.0 = Release|Any CPU
		{39676F33-BFDB-4503-BB77-2E8168743DA8}.Debug|Any CPU.ActiveCfg = Debug|Any CPU
		{39676F33-BFDB-4503-BB77-2E8168743DA8}.Debug|Any CPU.Build.0 = Debug|Any CPU
		{39676F33-BFDB-4503-BB77-2E8168743DA8}.Release|Any CPU.ActiveCfg = Release|Any CPU
		{39676F33-BFDB-4503-BB77-2E8168743DA8}.Release|Any CPU.Build.0 = Release|Any CPU
		{2600FFF8-E0CC-45A0-9DF9-BA28B70AC373}.Debug|Any CPU.ActiveCfg = Debug|Any CPU
		{2600FFF8-E0CC-45A0-9DF9-BA28B70AC373}.Debug|Any CPU.Build.0 = Debug|Any CPU
		{2600FFF8-E0CC-45A0-9DF9-BA28B70AC373}.Release|Any CPU.ActiveCfg = Release|Any CPU
		{2600FFF8-E0CC-45A0-9DF9-BA28B70AC373}.Release|Any CPU.Build.0 = Release|Any CPU
		{E64DDDAF-80DE-4539-A9A8-7D7A32936438}.Debug|Any CPU.ActiveCfg = Debug|Any CPU
		{E64DDDAF-80DE-4539-A9A8-7D7A32936438}.Debug|Any CPU.Build.0 = Debug|Any CPU
		{E64DDDAF-80DE-4539-A9A8-7D7A32936438}.Release|Any CPU.ActiveCfg = Release|Any CPU
		{E64DDDAF-80DE-4539-A9A8-7D7A32936438}.Release|Any CPU.Build.0 = Release|Any CPU
		{5AC7D638-92BF-4A8B-BFA5-7547137D37EA}.Debug|Any CPU.ActiveCfg = Debug|Any CPU
		{5AC7D638-92BF-4A8B-BFA5-7547137D37EA}.Debug|Any CPU.Build.0 = Debug|Any CPU
		{5AC7D638-92BF-4A8B-BFA5-7547137D37EA}.Release|Any CPU.ActiveCfg = Release|Any CPU
		{5AC7D638-92BF-4A8B-BFA5-7547137D37EA}.Release|Any CPU.Build.0 = Release|Any CPU
		{ADFC9DCA-0616-4B36-8654-68B3480276B3}.Debug|Any CPU.ActiveCfg = Debug|Any CPU
		{ADFC9DCA-0616-4B36-8654-68B3480276B3}.Debug|Any CPU.Build.0 = Debug|Any CPU
		{ADFC9DCA-0616-4B36-8654-68B3480276B3}.Release|Any CPU.ActiveCfg = Release|Any CPU
		{ADFC9DCA-0616-4B36-8654-68B3480276B3}.Release|Any CPU.Build.0 = Release|Any CPU
	EndGlobalSection
	GlobalSection(SolutionProperties) = preSolution
		HideSolutionNode = FALSE
	EndGlobalSection
	GlobalSection(NestedProjects) = preSolution
		{65284A7A-F38B-434C-8177-E9F2F1B8E6FE} = {E196664B-A3BA-48B5-AA1B-8BB7E360047C}
		{11478964-68CA-41D1-A58C-31235F34DAF5} = {65284A7A-F38B-434C-8177-E9F2F1B8E6FE}
		{3F87079F-1DB8-4116-BBAF-72F177263154} = {E196664B-A3BA-48B5-AA1B-8BB7E360047C}
		{9933F874-8593-4E89-B6CE-F3DB0DC05E44} = {E196664B-A3BA-48B5-AA1B-8BB7E360047C}
		{35159085-5B5A-4BC0-9D48-1CBF35153295} = {E196664B-A3BA-48B5-AA1B-8BB7E360047C}
		{05DB11FD-62DF-49D2-A3CD-B8683ACF1ACC} = {3F87079F-1DB8-4116-BBAF-72F177263154}
		{3F585F28-1E2E-4853-85F3-1DF7E80FAA88} = {9933F874-8593-4E89-B6CE-F3DB0DC05E44}
		{5B1CA77A-D60F-478A-8D17-B15EF0D0E935} = {35159085-5B5A-4BC0-9D48-1CBF35153295}
		{85550DFC-4BC9-413B-900C-E7F898DD4581} = {3F87079F-1DB8-4116-BBAF-72F177263154}
		{4BC1FAE6-FE60-4B24-B52F-B7A94B4D03E4} = {3F87079F-1DB8-4116-BBAF-72F177263154}
		{5F31B2B1-4590-43F9-A219-66C4E0FE5DCA} = {3F87079F-1DB8-4116-BBAF-72F177263154}
		{768B41AE-B421-41AE-8BE7-CAD3AB53EE7B} = {9933F874-8593-4E89-B6CE-F3DB0DC05E44}
		{A57C63BC-8BEA-49A6-8FE9-9798FDC037F6} = {9933F874-8593-4E89-B6CE-F3DB0DC05E44}
		{436F243E-C117-4C82-9D63-57EADD91AD39} = {9933F874-8593-4E89-B6CE-F3DB0DC05E44}
		{60DAC463-6A51-46F3-B599-2D05DFE24B63} = {35159085-5B5A-4BC0-9D48-1CBF35153295}
		{F066E6D3-6F93-4840-A734-C64B3809E2BE} = {35159085-5B5A-4BC0-9D48-1CBF35153295}
		{200A2B6F-0EE1-4B33-A592-9C6BC09EB9A6} = {35159085-5B5A-4BC0-9D48-1CBF35153295}
		{5AFEDA6D-600B-4100-A2D5-AA4DC4B4B1F6} = {65284A7A-F38B-434C-8177-E9F2F1B8E6FE}
		{1B6C1649-388C-4B19-AAB6-94D31C3CF774} = {65284A7A-F38B-434C-8177-E9F2F1B8E6FE}
		{8C89A50A-B08D-49BF-AA9E-2E0D160FE070} = {65284A7A-F38B-434C-8177-E9F2F1B8E6FE}
		{8EA3466B-2D8A-4F47-BC24-5C28FF41907C} = {FBCBDC5A-8D5C-4B53-B45B-81222A8690FF}
		{AA590D6F-C3B0-465D-9A04-DE256C473C7D} = {FBCBDC5A-8D5C-4B53-B45B-81222A8690FF}
		{39676F33-BFDB-4503-BB77-2E8168743DA8} = {FBCBDC5A-8D5C-4B53-B45B-81222A8690FF}
		{2600FFF8-E0CC-45A0-9DF9-BA28B70AC373} = {FBCBDC5A-8D5C-4B53-B45B-81222A8690FF}
		{E64DDDAF-80DE-4539-A9A8-7D7A32936438} = {B5ABFDF5-0922-49D4-90BE-A8BAA8FD219E}
		{5AC7D638-92BF-4A8B-BFA5-7547137D37EA} = {91036E4C-DA1B-466A-B726-4DEAD79F5210}
		{ADFC9DCA-0616-4B36-8654-68B3480276B3} = {FBCBDC5A-8D5C-4B53-B45B-81222A8690FF}
	EndGlobalSection
	GlobalSection(ExtensibilityGlobals) = postSolution
		SolutionGuid = {2456CA62-BA39-4AD2-8FB1-D63D301217AF}
	EndGlobalSection
EndGlobal
